<?xml version="1.0" encoding="utf-8"?>
<Project ToolsVersion="4.0" xmlns="http://schemas.microsoft.com/developer/msbuild/2003">
  <ItemGroup>
    <Filter Include="Source Files">
      <UniqueIdentifier>{4FC737F1-C7A5-4376-A066-2A32D752A2FF}</UniqueIdentifier>
      <Extensions>cpp;c;cc;cxx;def;odl;idl;hpj;bat;asm;asmx</Extensions>
    </Filter>
    <Filter Include="Header Files">
      <UniqueIdentifier>{93995380-89BD-4b04-88EB-625FBE52EBFB}</UniqueIdentifier>
      <Extensions>h;hh;hpp;hxx;hm;inl;inc;xsd</Extensions>
    </Filter>
    <Filter Include="Resource Files">
      <UniqueIdentifier>{67DA6AB6-F800-4c08-8B7A-83BB121AAD01}</UniqueIdentifier>
      <Extensions>rc;ico;cur;bmp;dlg;rc2;rct;bin;rgs;gif;jpg;jpeg;jpe;resx;tiff;tif;png;wav;mfcribbon-ms</Extensions>
    </Filter>
  </ItemGroup>
  <ItemGroup>
    <ClCompile Include="imaging\bitmap.cpp">
      <Filter>Source Files</Filter>
    </ClCompile>
    <ClCompile Include="imaging\color.cpp">
      <Filter>Source Files</Filter>
    </ClCompile>
    <ClCompile Include="cameras\perspective-camera.cpp">
      <Filter>Source Files</Filter>
    </ClCompile>
    <ClCompile Include="app.cpp">
      <Filter>Source Files</Filter>
    </ClCompile>
    <ClCompile Include="math\rectangle3d.cpp">
      <Filter>Source Files</Filter>
    </ClCompile>
    <ClCompile Include="math\rectangle2d.cpp">
      <Filter>Source Files</Filter>
    </ClCompile>
    <ClCompile Include="math\ray.cpp">
      <Filter>Source Files</Filter>
    </ClCompile>
    <ClCompile Include="materials\uniform-material.cpp">
      <Filter>Source Files</Filter>
    </ClCompile>
    <ClCompile Include="math\rasterizer.cpp">
      <Filter>Source Files</Filter>
    </ClCompile>
    <ClCompile Include="logging.cpp">
      <Filter>Source Files</Filter>
    </ClCompile>
    <ClCompile Include="imaging\color-mapper.cpp">
      <Filter>Source Files</Filter>
    </ClCompile>
    <ClCompile Include="materials\material.cpp">
      <Filter>Source Files</Filter>
    </ClCompile>
    <ClCompile Include="lights\point-light.cpp">
      <Filter>Source Files</Filter>
    </ClCompile>
    <ClCompile Include="lights\omnidirectional-point-light.cpp">
      <Filter>Source Files</Filter>
    </ClCompile>
    <ClCompile Include="cameras\camera.cpp">
      <Filter>Source Files</Filter>
    </ClCompile>
    <ClCompile Include="math\quadratic_equation.cpp">
      <Filter>Source Files</Filter>
    </ClCompile>
    <ClCompile Include="math\box.cpp">
      <Filter>Source Files</Filter>
    </ClCompile>
    <ClCompile Include="animation\duration.cpp">
      <Filter>Source Files</Filter>
    </ClCompile>
    <ClCompile Include="animation\time-stamp.cpp">
      <Filter>Source Files</Filter>
    </ClCompile>
    <ClCompile Include="animation\animation.cpp">
      <Filter>Source Files</Filter>
    </ClCompile>
    <ClCompile Include="math\functions\random-function.cpp">
      <Filter>Source Files</Filter>
    </ClCompile>
    <ClCompile Include="lights\light-ray.cpp">
      <Filter>Source Files</Filter>
    </ClCompile>
    <ClCompile Include="cameras\displaceable-camera.cpp">
      <Filter>Source Files</Filter>
    </ClCompile>
    <ClCompile Include="materials\material-properties.cpp">
      <Filter>Source Files</Filter>
    </ClCompile>
    <ClCompile Include="imaging\bmp-format.cpp">
      <Filter>Source Files</Filter>
    </ClCompile>
    <ClCompile Include="pipeline\animation-processor.cpp">
      <Filter>Source Files</Filter>
    </ClCompile>
    <ClCompile Include="pipeline\renderer-processor.cpp">
      <Filter>Source Files</Filter>
    </ClCompile>
    <ClCompile Include="pipeline\wif-consumer.cpp">
      <Filter>Source Files</Filter>
    </ClCompile>
    <ClCompile Include="imaging\wif-format.cpp">
      <Filter>Source Files</Filter>
    </ClCompile>
    <ClCompile Include="math\quantize.cpp">
      <Filter>Source Files</Filter>
    </ClCompile>
    <ClCompile Include="imaging\bitmap-function.cpp">
      <Filter>Source Files</Filter>
    </ClCompile>
    <ClCompile Include="materials\pattern-materials.cpp">
      <Filter>Source Files</Filter>
    </ClCompile>
    <ClCompile Include="util\misc.cpp">
      <Filter>Source Files</Filter>
    </ClCompile>
    <ClCompile Include="util\beep.cpp">
      <Filter>Source Files</Filter>
    </ClCompile>
    <ClCompile Include="scripting\animation-module.cpp">
      <Filter>Source Files</Filter>
    </ClCompile>
    <ClCompile Include="scripting\cameras-module.cpp">
      <Filter>Source Files</Filter>
    </ClCompile>
    <ClCompile Include="scripting\imaging-module.cpp">
      <Filter>Source Files</Filter>
    </ClCompile>
    <ClCompile Include="scripting\lights-module.cpp">
      <Filter>Source Files</Filter>
    </ClCompile>
    <ClCompile Include="scripting\materials-module.cpp">
      <Filter>Source Files</Filter>
    </ClCompile>
    <ClCompile Include="scripting\math-module.cpp">
      <Filter>Source Files</Filter>
    </ClCompile>
    <ClCompile Include="scripting\pipeline-module.cpp">
      <Filter>Source Files</Filter>
    </ClCompile>
    <ClCompile Include="scripting\primitives-module.cpp">
      <Filter>Source Files</Filter>
    </ClCompile>
    <ClCompile Include="scripting\raytracing-module.cpp">
      <Filter>Source Files</Filter>
    </ClCompile>
    <ClCompile Include="scripting\rendering-module.cpp">
      <Filter>Source Files</Filter>
    </ClCompile>
    <ClCompile Include="scripting\samplers-module.cpp">
      <Filter>Source Files</Filter>
    </ClCompile>
    <ClCompile Include="scripting\scripting.cpp">
      <Filter>Source Files</Filter>
    </ClCompile>
    <ClCompile Include="math\matrix.cpp">
      <Filter>Source Files</Filter>
    </ClCompile>
    <ClCompile Include="math\transformation-matrices.cpp">
      <Filter>Source Files</Filter>
    </ClCompile>
    <ClCompile Include="primitives\decorator-primitive.cpp">
      <Filter>Source Files</Filter>
    </ClCompile>
    <ClCompile Include="primitives\plane-primitive.cpp">
      <Filter>Source Files</Filter>
    </ClCompile>
    <ClCompile Include="primitives\sphere-primitive.cpp">
      <Filter>Source Files</Filter>
    </ClCompile>
    <ClCompile Include="primitives\transformer-primitive.cpp">
      <Filter>Source Files</Filter>
    </ClCompile>
    <ClCompile Include="primitives\union-primitive.cpp">
      <Filter>Source Files</Filter>
    </ClCompile>
    <ClCompile Include="math\plane.cpp">
      <Filter>Source Files</Filter>
    </ClCompile>
    <ClCompile Include="raytracers\ray-tracer-v0.cpp">
      <Filter>Source Files</Filter>
    </ClCompile>
    <ClCompile Include="renderers\renderer.cpp">
      <Filter>Source Files</Filter>
    </ClCompile>
    <ClCompile Include="renderers\standard-renderer.cpp">
      <Filter>Source Files</Filter>
    </ClCompile>
    <ClCompile Include="samplers\single-sampler.cpp">
      <Filter>Source Files</Filter>
    </ClCompile>
    <ClCompile Include="math\functions\horizontal-lines-pattern.cpp">
      <Filter>Source Files</Filter>
    </ClCompile>
    <ClCompile Include="math\transformation3d.cpp">
      <Filter>Source Files</Filter>
    </ClCompile>
    <ClCompile Include="math\transformation2d.cpp">
      <Filter>Source Files</Filter>
    </ClCompile>
    <ClCompile Include="materials\composition-material.cpp">
      <Filter>Source Files</Filter>
    </ClCompile>
    <ClCompile Include="math\angle.cpp">
      <Filter>Source Files</Filter>
    </ClCompile>
    <ClCompile Include="primitives\primitive.cpp">
      <Filter>Source Files</Filter>
    </ClCompile>
    <ClCompile Include="math\functions\easing\linear-easing-function.cpp">
      <Filter>Source Files</Filter>
    </ClCompile>
    <ClCompile Include="demos\demo.cpp">
      <Filter>Source Files</Filter>
    </ClCompile>
    <ClCompile Include="samplers\sampler.cpp">
      <Filter>Source Files</Filter>
    </ClCompile>
    <ClCompile Include="tasks\lambda-task.cpp">
      <Filter>Source Files</Filter>
    </ClCompile>
    <ClCompile Include="tasks\serial-task-scheduler.cpp">
      <Filter>Source Files</Filter>
    </ClCompile>
    <ClCompile Include="tests\main.cpp">
      <Filter>Source Files</Filter>
    </ClCompile>
    <ClCompile Include="performance\performance.cpp">
      <Filter>Source Files</Filter>
    </ClCompile>
    <ClCompile Include="math\functions\easing\stretch-easing-function.cpp">
      <Filter>Source Files</Filter>
    </ClCompile>
    <ClCompile Include="pipeline\wif-processor.cpp">
      <Filter>Source Files</Filter>
    </ClCompile>
    <ClCompile Include="pipeline\base64-processor.cpp">
      <Filter>Source Files</Filter>
    </ClCompile>
    <ClCompile Include="util\base64.cpp">
      <Filter>Source Files</Filter>
    </ClCompile>
    <ClCompile Include="pipeline\text-writer-consumer.cpp">
      <Filter>Source Files</Filter>
    </ClCompile>
    <ClCompile Include="command-line-parser.cpp">
      <Filter>Source Files</Filter>
    </ClCompile>
    <ClCompile Include="tests\main.cpp">
      <Filter>Source Files</Filter>
    </ClCompile>
    <ClCompile Include="demos\basic-sample.cpp">
      <Filter>Source Files</Filter>
    </ClCompile>
    <ClCompile Include="demos\basic-sample-test.cpp">
      <Filter>Source Files</Filter>
    </ClCompile>
  </ItemGroup>
  <ItemGroup>
    <ClInclude Include="imaging\bitmap.h">
      <Filter>Header Files</Filter>
    </ClInclude>
    <ClInclude Include="imaging\color.h">
      <Filter>Header Files</Filter>
    </ClInclude>
    <ClInclude Include="math\ray.h">
      <Filter>Header Files</Filter>
    </ClInclude>
    <ClInclude Include="math\interval.h">
      <Filter>Header Files</Filter>
    </ClInclude>
    <ClInclude Include="cameras\perspective-camera.h">
      <Filter>Header Files</Filter>
    </ClInclude>
    <ClInclude Include="primitives\primitive.h">
      <Filter>Header Files</Filter>
    </ClInclude>
    <ClInclude Include="primitives\hit.h">
      <Filter>Header Files</Filter>
    </ClInclude>
    <ClInclude Include="util\misc.h">
      <Filter>Header Files</Filter>
    </ClInclude>
    <ClInclude Include="math\rectangle3d.h">
      <Filter>Header Files</Filter>
    </ClInclude>
    <ClInclude Include="math\rectangle2d.h">
      <Filter>Header Files</Filter>
    </ClInclude>
    <ClInclude Include="Catch.h">
      <Filter>Header Files</Filter>
    </ClInclude>
    <ClInclude Include="materials\uniform-material.h">
      <Filter>Header Files</Filter>
    </ClInclude>
    <ClInclude Include="math\angle.h">
      <Filter>Header Files</Filter>
    </ClInclude>
    <ClInclude Include="math\interval-mapper.h">
      <Filter>Header Files</Filter>
    </ClInclude>
    <ClInclude Include="math\rasterizer.h">
      <Filter>Header Files</Filter>
    </ClInclude>
    <ClInclude Include="animation\animation.h">
      <Filter>Header Files</Filter>
    </ClInclude>
    <ClInclude Include="cameras\camera.h">
      <Filter>Header Files</Filter>
    </ClInclude>
    <ClInclude Include="primitives\primitives.h">
      <Filter>Header Files</Filter>
    </ClInclude>
    <ClInclude Include="materials\materials.h">
      <Filter>Header Files</Filter>
    </ClInclude>
    <ClInclude Include="easylogging++.h">
      <Filter>Header Files</Filter>
    </ClInclude>
    <ClInclude Include="materials\material.h">
      <Filter>Header Files</Filter>
    </ClInclude>
    <ClInclude Include="logging.h">
      <Filter>Header Files</Filter>
    </ClInclude>
    <ClInclude Include="math\functions\bool-mapper.h">
      <Filter>Header Files</Filter>
    </ClInclude>
    <ClInclude Include="imaging\color-mapper.h">
      <Filter>Header Files</Filter>
    </ClInclude>
    <ClInclude Include="math\functions\noise.h">
      <Filter>Header Files</Filter>
    </ClInclude>
    <ClInclude Include="math\functions\patterns.h">
      <Filter>Header Files</Filter>
    </ClInclude>
    <ClInclude Include="math\function.h">
      <Filter>Header Files</Filter>
    </ClInclude>
    <ClInclude Include="primitives\hit-position.h">
      <Filter>Header Files</Filter>
    </ClInclude>
    <ClInclude Include="cameras\cameras.h">
      <Filter>Header Files</Filter>
    </ClInclude>
    <ClInclude Include="math\approx.h">
      <Filter>Header Files</Filter>
    </ClInclude>
    <ClInclude Include="lights\light-source.h">
      <Filter>Header Files</Filter>
    </ClInclude>
    <ClInclude Include="lights\point-light.h">
      <Filter>Header Files</Filter>
    </ClInclude>
    <ClInclude Include="lights\omnidirectional-point-light.h">
      <Filter>Header Files</Filter>
    </ClInclude>
    <ClInclude Include="lights\lights.h">
      <Filter>Header Files</Filter>
    </ClInclude>
    <ClInclude Include="math\misc.h">
      <Filter>Header Files</Filter>
    </ClInclude>
    <ClInclude Include="math\quadratic_equation.h">
      <Filter>Header Files</Filter>
    </ClInclude>
    <ClInclude Include="math\box.h">
      <Filter>Header Files</Filter>
    </ClInclude>
    <ClInclude Include="animation\duration.h">
      <Filter>Header Files</Filter>
    </ClInclude>
    <ClInclude Include="animation\time-stamp.h">
      <Filter>Header Files</Filter>
    </ClInclude>
    <ClInclude Include="math\functions\random-function.h">
      <Filter>Header Files</Filter>
    </ClInclude>
    <ClInclude Include="util\lazy.h">
      <Filter>Header Files</Filter>
    </ClInclude>
    <ClInclude Include="lights\light-ray.h">
      <Filter>Header Files</Filter>
    </ClInclude>
    <ClInclude Include="cameras\displaceable-camera.h">
      <Filter>Header Files</Filter>
    </ClInclude>
    <ClInclude Include="materials\material-properties.h">
      <Filter>Header Files</Filter>
    </ClInclude>
    <ClInclude Include="math\functions\easing-functions.h">
      <Filter>Header Files</Filter>
    </ClInclude>
    <ClInclude Include="data-structures\array.h">
      <Filter>Header Files</Filter>
    </ClInclude>
    <ClInclude Include="data-structures\grid.h">
      <Filter>Header Files</Filter>
    </ClInclude>
    <ClInclude Include="math\point.h">
      <Filter>Header Files</Filter>
    </ClInclude>
    <ClInclude Include="math\vector.h">
      <Filter>Header Files</Filter>
    </ClInclude>
    <ClInclude Include="data-structures\position.h">
      <Filter>Header Files</Filter>
    </ClInclude>
    <ClInclude Include="imaging\bmp-format.h">
      <Filter>Header Files</Filter>
    </ClInclude>
    <ClInclude Include="pipeline\consumer.h">
      <Filter>Header Files</Filter>
    </ClInclude>
    <ClInclude Include="pipeline\producer.h">
      <Filter>Header Files</Filter>
    </ClInclude>
    <ClInclude Include="pipeline\processor.h">
      <Filter>Header Files</Filter>
    </ClInclude>
    <ClInclude Include="pipeline\animation-processor.h">
      <Filter>Header Files</Filter>
    </ClInclude>
    <ClInclude Include="pipeline\renderer-processor.h">
      <Filter>Header Files</Filter>
    </ClInclude>
    <ClInclude Include="pipeline\wif-consumer.h">
      <Filter>Header Files</Filter>
    </ClInclude>
    <ClInclude Include="pipeline\pipelines.h">
      <Filter>Header Files</Filter>
    </ClInclude>
    <ClInclude Include="imaging\wif-format.h">
      <Filter>Header Files</Filter>
    </ClInclude>
    <ClInclude Include="pipeline\pipeline-builder.h">
      <Filter>Header Files</Filter>
    </ClInclude>
    <ClInclude Include="pipeline\pipeline.h">
      <Filter>Header Files</Filter>
    </ClInclude>
    <ClInclude Include="math\coordinate-systems.h">
      <Filter>Header Files</Filter>
    </ClInclude>
    <ClInclude Include="math\functions\constant.h">
      <Filter>Header Files</Filter>
    </ClInclude>
    <ClInclude Include="math\functions\identity.h">
      <Filter>Header Files</Filter>
    </ClInclude>
    <ClInclude Include="math\functions.h">
      <Filter>Header Files</Filter>
    </ClInclude>
    <ClInclude Include="math\quantize.h">
      <Filter>Header Files</Filter>
    </ClInclude>
    <ClInclude Include="imaging\bitmap-function.h">
      <Filter>Header Files</Filter>
    </ClInclude>
    <ClInclude Include="chaiscript\dispatchkit\any.hpp">
      <Filter>Header Files</Filter>
    </ClInclude>
    <ClInclude Include="chaiscript\dispatchkit\bad_boxed_cast.hpp">
      <Filter>Header Files</Filter>
    </ClInclude>
    <ClInclude Include="chaiscript\dispatchkit\bind_first.hpp">
      <Filter>Header Files</Filter>
    </ClInclude>
    <ClInclude Include="chaiscript\dispatchkit\bootstrap.hpp">
      <Filter>Header Files</Filter>
    </ClInclude>
    <ClInclude Include="chaiscript\dispatchkit\bootstrap_stl.hpp">
      <Filter>Header Files</Filter>
    </ClInclude>
    <ClInclude Include="chaiscript\dispatchkit\boxed_cast.hpp">
      <Filter>Header Files</Filter>
    </ClInclude>
    <ClInclude Include="chaiscript\dispatchkit\boxed_cast_helper.hpp">
      <Filter>Header Files</Filter>
    </ClInclude>
    <ClInclude Include="chaiscript\dispatchkit\boxed_number.hpp">
      <Filter>Header Files</Filter>
    </ClInclude>
    <ClInclude Include="chaiscript\dispatchkit\boxed_value.hpp">
      <Filter>Header Files</Filter>
    </ClInclude>
    <ClInclude Include="chaiscript\dispatchkit\callable_traits.hpp">
      <Filter>Header Files</Filter>
    </ClInclude>
    <ClInclude Include="chaiscript\dispatchkit\dispatchkit.hpp">
      <Filter>Header Files</Filter>
    </ClInclude>
    <ClInclude Include="chaiscript\dispatchkit\dynamic_object.hpp">
      <Filter>Header Files</Filter>
    </ClInclude>
    <ClInclude Include="chaiscript\dispatchkit\dynamic_object_detail.hpp">
      <Filter>Header Files</Filter>
    </ClInclude>
    <ClInclude Include="chaiscript\dispatchkit\exception_specification.hpp">
      <Filter>Header Files</Filter>
    </ClInclude>
    <ClInclude Include="chaiscript\dispatchkit\function_call.hpp">
      <Filter>Header Files</Filter>
    </ClInclude>
    <ClInclude Include="chaiscript\dispatchkit\function_call_detail.hpp">
      <Filter>Header Files</Filter>
    </ClInclude>
    <ClInclude Include="chaiscript\dispatchkit\handle_return.hpp">
      <Filter>Header Files</Filter>
    </ClInclude>
    <ClInclude Include="chaiscript\dispatchkit\operators.hpp">
      <Filter>Header Files</Filter>
    </ClInclude>
    <ClInclude Include="chaiscript\dispatchkit\proxy_constructors.hpp">
      <Filter>Header Files</Filter>
    </ClInclude>
    <ClInclude Include="chaiscript\dispatchkit\proxy_functions.hpp">
      <Filter>Header Files</Filter>
    </ClInclude>
    <ClInclude Include="chaiscript\dispatchkit\proxy_functions_detail.hpp">
      <Filter>Header Files</Filter>
    </ClInclude>
    <ClInclude Include="chaiscript\dispatchkit\register_function.hpp">
      <Filter>Header Files</Filter>
    </ClInclude>
    <ClInclude Include="chaiscript\dispatchkit\type_conversions.hpp">
      <Filter>Header Files</Filter>
    </ClInclude>
    <ClInclude Include="chaiscript\dispatchkit\type_info.hpp">
      <Filter>Header Files</Filter>
    </ClInclude>
    <ClInclude Include="chaiscript\language\chaiscript_algebraic.hpp">
      <Filter>Header Files</Filter>
    </ClInclude>
    <ClInclude Include="chaiscript\language\chaiscript_common.hpp">
      <Filter>Header Files</Filter>
    </ClInclude>
    <ClInclude Include="chaiscript\language\chaiscript_engine.hpp">
      <Filter>Header Files</Filter>
    </ClInclude>
    <ClInclude Include="chaiscript\language\chaiscript_eval.hpp">
      <Filter>Header Files</Filter>
    </ClInclude>
    <ClInclude Include="chaiscript\language\chaiscript_parser.hpp">
      <Filter>Header Files</Filter>
    </ClInclude>
    <ClInclude Include="chaiscript\language\chaiscript_prelude_docs.hpp">
      <Filter>Header Files</Filter>
    </ClInclude>
    <ClInclude Include="chaiscript\utility\json.hpp">
      <Filter>Header Files</Filter>
    </ClInclude>
    <ClInclude Include="chaiscript\utility\json_wrap.hpp">
      <Filter>Header Files</Filter>
    </ClInclude>
    <ClInclude Include="chaiscript\utility\utility.hpp">
      <Filter>Header Files</Filter>
    </ClInclude>
    <ClInclude Include="chaiscript\chaiscript.hpp">
      <Filter>Header Files</Filter>
    </ClInclude>
    <ClInclude Include="chaiscript\chaiscript_defines.hpp">
      <Filter>Header Files</Filter>
    </ClInclude>
    <ClInclude Include="chaiscript\chaiscript_stdlib.hpp">
      <Filter>Header Files</Filter>
    </ClInclude>
    <ClInclude Include="chaiscript\chaiscript_threading.hpp">
      <Filter>Header Files</Filter>
    </ClInclude>
    <ClInclude Include="materials\pattern-materials.h">
      <Filter>Header Files</Filter>
    </ClInclude>
    <ClInclude Include="version.h">
      <Filter>Header Files</Filter>
    </ClInclude>
    <ClInclude Include="pipeline\null-consumer.h">
      <Filter>Header Files</Filter>
    </ClInclude>
    <ClInclude Include="animation\animations.h">
      <Filter>Header Files</Filter>
    </ClInclude>
    <ClInclude Include="animation\interval-animation.h">
      <Filter>Header Files</Filter>
    </ClInclude>
    <ClInclude Include="animation\ease-animation.h">
      <Filter>Header Files</Filter>
    </ClInclude>
    <ClInclude Include="util\beep.h">
      <Filter>Header Files</Filter>
    </ClInclude>
    <ClInclude Include="scripting\animation-module.h">
      <Filter>Header Files</Filter>
    </ClInclude>
    <ClInclude Include="scripting\cameras-module.h">
      <Filter>Header Files</Filter>
    </ClInclude>
    <ClInclude Include="scripting\imaging-module.h">
      <Filter>Header Files</Filter>
    </ClInclude>
    <ClInclude Include="scripting\lights-module.h">
      <Filter>Header Files</Filter>
    </ClInclude>
    <ClInclude Include="scripting\materials-module.h">
      <Filter>Header Files</Filter>
    </ClInclude>
    <ClInclude Include="scripting\math-module.h">
      <Filter>Header Files</Filter>
    </ClInclude>
    <ClInclude Include="scripting\pipeline-module.h">
      <Filter>Header Files</Filter>
    </ClInclude>
    <ClInclude Include="scripting\primitives-module.h">
      <Filter>Header Files</Filter>
    </ClInclude>
    <ClInclude Include="scripting\raytracing-module.h">
      <Filter>Header Files</Filter>
    </ClInclude>
    <ClInclude Include="scripting\rendering-module.h">
      <Filter>Header Files</Filter>
    </ClInclude>
    <ClInclude Include="scripting\samplers-module.h">
      <Filter>Header Files</Filter>
    </ClInclude>
    <ClInclude Include="scripting\scripting.h">
      <Filter>Header Files</Filter>
    </ClInclude>
    <ClInclude Include="scripting\scripting-util.h">
      <Filter>Header Files</Filter>
    </ClInclude>
    <ClInclude Include="math\matrix.h">
      <Filter>Header Files</Filter>
    </ClInclude>
    <ClInclude Include="math\transformation-matrices.h">
      <Filter>Header Files</Filter>
    </ClInclude>
    <ClInclude Include="primitives\decorator-primitive.h">
      <Filter>Header Files</Filter>
    </ClInclude>
    <ClInclude Include="primitives\plane-primitive.h">
      <Filter>Header Files</Filter>
    </ClInclude>
    <ClInclude Include="primitives\sphere-primitive.h">
      <Filter>Header Files</Filter>
    </ClInclude>
    <ClInclude Include="primitives\transformer-primitive.h">
      <Filter>Header Files</Filter>
    </ClInclude>
    <ClInclude Include="primitives\union-primitive.h">
      <Filter>Header Files</Filter>
    </ClInclude>
    <ClInclude Include="math\plane.h">
      <Filter>Header Files</Filter>
    </ClInclude>
    <ClInclude Include="raytracers\ray-tracer.h">
      <Filter>Header Files</Filter>
    </ClInclude>
    <ClInclude Include="raytracers\ray-tracers.h">
      <Filter>Header Files</Filter>
    </ClInclude>
    <ClInclude Include="raytracers\ray-tracer-v0.h">
      <Filter>Header Files</Filter>
    </ClInclude>
    <ClInclude Include="raytracers\scene.h">
      <Filter>Header Files</Filter>
    </ClInclude>
    <ClInclude Include="raytracers\trace-result.h">
      <Filter>Header Files</Filter>
    </ClInclude>
    <ClInclude Include="renderers\renderer.h">
      <Filter>Header Files</Filter>
    </ClInclude>
    <ClInclude Include="renderers\renderers.h">
      <Filter>Header Files</Filter>
    </ClInclude>
    <ClInclude Include="renderers\standard-renderer.h">
      <Filter>Header Files</Filter>
    </ClInclude>
    <ClInclude Include="samplers\sampler.h">
      <Filter>Header Files</Filter>
    </ClInclude>
    <ClInclude Include="samplers\samplers.h">
      <Filter>Header Files</Filter>
    </ClInclude>
    <ClInclude Include="samplers\single-sampler.h">
      <Filter>Header Files</Filter>
    </ClInclude>
    <ClInclude Include="math\functions\horizontal-lines-pattern.h">
      <Filter>Header Files</Filter>
    </ClInclude>
    <ClInclude Include="math\transformation3d.h">
      <Filter>Header Files</Filter>
    </ClInclude>
    <ClInclude Include="math\transformation2d.h">
      <Filter>Header Files</Filter>
    </ClInclude>
    <ClInclude Include="materials\composition-material.h">
      <Filter>Header Files</Filter>
    </ClInclude>
    <ClInclude Include="math\functions\easing-function.h">
      <Filter>Header Files</Filter>
    </ClInclude>
    <ClInclude Include="math\functions\easing\linear-easing-function.h">
      <Filter>Header Files</Filter>
    </ClInclude>
    <ClInclude Include="demos\demos.h">
      <Filter>Header Files</Filter>
    </ClInclude>
    <ClInclude Include="demos\demo.h">
      <Filter>Header Files</Filter>
    </ClInclude>
    <ClInclude Include="tasks\lambda-task.h">
      <Filter>Header Files</Filter>
    </ClInclude>
    <ClInclude Include="tasks\serial-task-scheduler.h">
      <Filter>Header Files</Filter>
    </ClInclude>
    <ClInclude Include="tasks\task.h">
      <Filter>Header Files</Filter>
    </ClInclude>
    <ClInclude Include="tasks\task-helpers.h">
      <Filter>Header Files</Filter>
    </ClInclude>
    <ClInclude Include="tasks\tasks.h">
      <Filter>Header Files</Filter>
    </ClInclude>
    <ClInclude Include="tasks\task-scheduler.h">
      <Filter>Header Files</Filter>
    </ClInclude>
    <ClInclude Include="tasks\task-schedulers.h">
      <Filter>Header Files</Filter>
    </ClInclude>
    <ClInclude Include="performance\performance.h">
      <Filter>Header Files</Filter>
    </ClInclude>
    <ClInclude Include="math\functions\easing\stretch-easing-function.h">
      <Filter>Header Files</Filter>
    </ClInclude>
    <ClInclude Include="pipeline\wif-processor.h">
      <Filter>Header Files</Filter>
    </ClInclude>
    <ClInclude Include="pipeline\base64-processor.h">
      <Filter>Header Files</Filter>
    </ClInclude>
    <ClInclude Include="util\base64.h">
      <Filter>Header Files</Filter>
    </ClInclude>
    <ClInclude Include="pipeline\text-writer-consumer.h">
      <Filter>Header Files</Filter>
    </ClInclude>
    <ClInclude Include="command-line-parser.h">
      <Filter>Header Files</Filter>
    </ClInclude>
    <ClInclude Include="demos\basic-sample.h">
      <Filter>Header Files</Filter>
    </ClInclude>
    <ClInclude Include="demos\basic-sample-test.h">
      <Filter>Header Files</Filter>
    </ClInclude>
  </ItemGroup>
  <ItemGroup>
    <Natvis Include="debugger-visualizations.natvis" />
  </ItemGroup>
</Project>