<?xml version="1.0" encoding="utf-8"?>
<Project ToolsVersion="4.0" xmlns="http://schemas.microsoft.com/developer/msbuild/2003">
  <ItemGroup>
    <Natvis Include="debugger-visualizations.natvis" />
  </ItemGroup>
  <ItemGroup>
    <ClCompile Include="demos\basic-sample-test.cpp" />
    <ClCompile Include="demos\basic-sample.cpp" />
    <ClCompile Include="demos\demo.cpp" />
    <ClCompile Include="math\angle.cpp" />
    <ClCompile Include="animation\animation.cpp" />
    <ClCompile Include="animation\duration.cpp" />
    <ClCompile Include="animation\time-stamp.cpp" />
    <ClCompile Include="command-line-parser.cpp" />
    <ClCompile Include="imaging\bitmap-function.cpp" />
    <ClCompile Include="app.cpp" />
    <ClCompile Include="cameras\camera.cpp" />
    <ClCompile Include="cameras\displaceable-camera.cpp" />
    <ClCompile Include="cameras\perspective-camera.cpp" />
    <ClCompile Include="materials\composition-material.cpp" />
    <ClCompile Include="materials\material-properties.cpp" />
    <ClCompile Include="materials\pattern-materials.cpp" />
    <ClCompile Include="math\functions\easing\linear-easing-function.cpp" />
    <ClCompile Include="math\functions\easing\stretch-easing-function.cpp" />
    <ClCompile Include="math\functions\horizontal-lines-pattern.cpp" />
    <ClCompile Include="math\plane.cpp" />
    <ClCompile Include="math\quantize.cpp" />
    <ClCompile Include="math\transformation-matrices.cpp" />
    <ClCompile Include="performance\performance.cpp" />
    <ClCompile Include="pipeline\animation-processor.cpp" />
    <ClCompile Include="pipeline\base64-processor.cpp" />
    <ClCompile Include="pipeline\renderer-processor.cpp" />
    <ClCompile Include="pipeline\text-writer-consumer.cpp" />
    <ClCompile Include="pipeline\wif-consumer.cpp" />
    <ClCompile Include="pipeline\wif-processor.cpp" />
    <ClCompile Include="primitives\primitive.cpp" />
    <ClCompile Include="imaging\color-mapper.cpp" />
    <ClCompile Include="lights\omnidirectional-point-light.cpp" />
    <ClCompile Include="lights\point-light.cpp" />
    <ClCompile Include="logging.cpp" />
    <ClCompile Include="imaging\bitmap.cpp" />
    <ClCompile Include="imaging\color.cpp" />
    <ClCompile Include="imaging\bmp-format.cpp" />
    <ClCompile Include="imaging\wif-format.cpp" />
    <ClCompile Include="materials\material.cpp" />
    <ClCompile Include="materials\uniform-material.cpp" />
    <ClCompile Include="math\box.cpp" />
    <ClCompile Include="math\matrix.cpp" />
    <ClCompile Include="math\quadratic_equation.cpp" />
    <ClCompile Include="math\functions\random-function.cpp" />
    <ClCompile Include="math\rasterizer.cpp" />
    <ClCompile Include="math\rectangle3d.cpp" />
    <ClCompile Include="math\transformation3d.cpp" />
    <ClCompile Include="math\ray.cpp" />
    <ClCompile Include="primitives\plane-primitive.cpp" />
    <ClCompile Include="primitives\decorator-primitive.cpp" />
    <ClCompile Include="primitives\sphere-primitive.cpp" />
    <ClCompile Include="math\rectangle2d.cpp" />
    <ClCompile Include="primitives\transformer-primitive.cpp" />
    <ClCompile Include="primitives\union-primitive.cpp" />
    <ClCompile Include="raytracers\ray-tracer-v0.cpp" />
    <ClCompile Include="raytracers\ray-tracer-v1.cpp" />
    <ClCompile Include="renderers\renderer.cpp" />
    <ClCompile Include="renderers\standard-renderer.cpp" />
    <ClCompile Include="lights\light-ray.cpp" />
    <ClCompile Include="samplers\sampler.cpp" />
    <ClCompile Include="samplers\single-sampler.cpp" />
    <ClCompile Include="scripting\animation-module.cpp" />
    <ClCompile Include="scripting\cameras-module.cpp" />
    <ClCompile Include="scripting\imaging-module.cpp" />
    <ClCompile Include="scripting\lights-module.cpp" />
    <ClCompile Include="scripting\materials-module.cpp" />
    <ClCompile Include="scripting\math-module.cpp" />
    <ClCompile Include="scripting\pipeline-module.cpp" />
    <ClCompile Include="scripting\primitives-module.cpp" />
    <ClCompile Include="scripting\raytracing-module.cpp" />
    <ClCompile Include="scripting\rendering-module.cpp" />
    <ClCompile Include="scripting\samplers-module.cpp" />
    <ClCompile Include="scripting\scripting.cpp" />
    <ClCompile Include="math\transformation2d.cpp" />
    <ClCompile Include="tasks\lambda-task.cpp" />
    <ClCompile Include="tasks\serial-task-scheduler.cpp" />
    <ClCompile Include="tests\main.cpp" />
    <ClCompile Include="util\base64.cpp" />
    <ClCompile Include="util\beep.cpp" />
    <ClCompile Include="util\misc.cpp" />
    <ClCompile Include="math\functions\vertical-lines-pattern.cpp" />
    <ClCompile Include="raytracers\ray-tracer-v2.cpp" />
    <ClCompile Include="raytracers\ray-tracer-v3.cpp" />
    <ClCompile Include="raytracers\ray-tracer-v4.cpp" />
    <ClCompile Include="math\quaternion.cpp" />
    <ClCompile Include="tasks\parallel-task-scheduler.cpp" />
    <ClCompile Include="math\functions\checkered-pattern.cpp" />
    <ClCompile Include="primitives\square-primitive.cpp" />
    <ClCompile Include="primitives\cube.cpp" />
    <ClCompile Include="primitives\boundingbox_primitive.cpp" />
    <ClCompile Include="primitives\triangle-primitive.cpp" />
    <ClCompile Include="raytracers\ray-tracer-v5.cpp" />
    <ClCompile Include="raytracers\ray-tracer-v6.cpp" />
  </ItemGroup>
  <ItemGroup>
    <ClInclude Include="animation\animation.h" />
    <ClInclude Include="animation\animations.h" />
    <ClInclude Include="animation\duration.h" />
    <ClInclude Include="animation\ease-animation.h" />
    <ClInclude Include="animation\interval-animation.h" />
    <ClInclude Include="animation\time-stamp.h" />
    <ClInclude Include="chaiscript\chaiscript.hpp" />
    <ClInclude Include="chaiscript\chaiscript_defines.hpp" />
    <ClInclude Include="chaiscript\chaiscript_stdlib.hpp" />
    <ClInclude Include="chaiscript\chaiscript_threading.hpp" />
    <ClInclude Include="chaiscript\dispatchkit\any.hpp" />
    <ClInclude Include="chaiscript\dispatchkit\bad_boxed_cast.hpp" />
    <ClInclude Include="chaiscript\dispatchkit\bind_first.hpp" />
    <ClInclude Include="chaiscript\dispatchkit\bootstrap.hpp" />
    <ClInclude Include="chaiscript\dispatchkit\bootstrap_stl.hpp" />
    <ClInclude Include="chaiscript\dispatchkit\boxed_cast.hpp" />
    <ClInclude Include="chaiscript\dispatchkit\boxed_cast_helper.hpp" />
    <ClInclude Include="chaiscript\dispatchkit\boxed_number.hpp" />
    <ClInclude Include="chaiscript\dispatchkit\boxed_value.hpp" />
    <ClInclude Include="chaiscript\dispatchkit\callable_traits.hpp" />
    <ClInclude Include="chaiscript\dispatchkit\dispatchkit.hpp" />
    <ClInclude Include="chaiscript\dispatchkit\dynamic_object.hpp" />
    <ClInclude Include="chaiscript\dispatchkit\dynamic_object_detail.hpp" />
    <ClInclude Include="chaiscript\dispatchkit\exception_specification.hpp" />
    <ClInclude Include="chaiscript\dispatchkit\function_call.hpp" />
    <ClInclude Include="chaiscript\dispatchkit\function_call_detail.hpp" />
    <ClInclude Include="chaiscript\dispatchkit\handle_return.hpp" />
    <ClInclude Include="chaiscript\dispatchkit\operators.hpp" />
    <ClInclude Include="chaiscript\dispatchkit\proxy_constructors.hpp" />
    <ClInclude Include="chaiscript\dispatchkit\proxy_functions.hpp" />
    <ClInclude Include="chaiscript\dispatchkit\proxy_functions_detail.hpp" />
    <ClInclude Include="chaiscript\dispatchkit\register_function.hpp" />
    <ClInclude Include="chaiscript\dispatchkit\type_conversions.hpp" />
    <ClInclude Include="chaiscript\dispatchkit\type_info.hpp" />
    <ClInclude Include="chaiscript\language\chaiscript_algebraic.hpp" />
    <ClInclude Include="chaiscript\language\chaiscript_common.hpp" />
    <ClInclude Include="chaiscript\language\chaiscript_engine.hpp" />
    <ClInclude Include="chaiscript\language\chaiscript_eval.hpp" />
    <ClInclude Include="chaiscript\language\chaiscript_parser.hpp" />
    <ClInclude Include="chaiscript\language\chaiscript_prelude_docs.hpp" />
    <ClInclude Include="chaiscript\utility\json.hpp" />
    <ClInclude Include="chaiscript\utility\json_wrap.hpp" />
    <ClInclude Include="chaiscript\utility\utility.hpp" />
    <ClInclude Include="demos\basic-sample-test.h" />
    <ClInclude Include="demos\basic-sample.h" />
    <ClInclude Include="command-line-parser.h" />
    <ClInclude Include="demos\demo.h" />
    <ClInclude Include="demos\demos.h" />
    <ClInclude Include="materials\composition-material.h" />
    <ClInclude Include="imaging\bitmap-function.h" />
    <ClInclude Include="cameras\camera.h" />
    <ClInclude Include="cameras\cameras.h" />
    <ClInclude Include="cameras\displaceable-camera.h" />
    <ClInclude Include="cameras\perspective-camera.h" />
    <ClInclude Include="Catch.h" />
    <ClInclude Include="data-structures\grid.h" />
    <ClInclude Include="imaging\bmp-format.h" />
    <ClInclude Include="materials\pattern-materials.h" />
    <ClInclude Include="math\coordinate-systems.h" />
    <ClInclude Include="math\functions\constant.h" />
    <ClInclude Include="math\functions\easing-function.h" />
    <ClInclude Include="math\functions\easing\linear-easing-function.h" />
    <ClInclude Include="math\functions\easing\stretch-easing-function.h" />
    <ClInclude Include="math\functions\horizontal-lines-pattern.h" />
    <ClInclude Include="math\functions\identity.h" />
    <ClInclude Include="math\plane.h" />
    <ClInclude Include="math\quantize.h" />
    <ClInclude Include="math\transformation-matrices.h" />
    <ClInclude Include="math\vector.h" />
    <ClInclude Include="math\point.h" />
    <ClInclude Include="performance\performance.h" />
    <ClInclude Include="pipeline\animation-processor.h" />
    <ClInclude Include="pipeline\base64-processor.h" />
    <ClInclude Include="pipeline\consumer.h" />
    <ClInclude Include="pipeline\null-consumer.h" />
    <ClInclude Include="pipeline\pipeline-builder.h" />
    <ClInclude Include="pipeline\pipeline.h" />
    <ClInclude Include="pipeline\pipelines.h" />
    <ClInclude Include="pipeline\processor.h" />
    <ClInclude Include="pipeline\producer.h" />
    <ClInclude Include="pipeline\renderer-processor.h" />
    <ClInclude Include="pipeline\text-writer-consumer.h" />
    <ClInclude Include="pipeline\wif-consumer.h" />
    <ClInclude Include="pipeline\wif-processor.h" />
    <ClInclude Include="raytracers\ray-tracer-v1.h" />
    <ClInclude Include="raytracers\trace-result.h" />
    <ClInclude Include="easylogging++.h" />
    <ClInclude Include="imaging\bitmap.h" />
    <ClInclude Include="imaging\color-mapper.h" />
    <ClInclude Include="imaging\color.h" />
    <ClInclude Include="imaging\wif-format.h" />
    <ClInclude Include="lights\light-source.h" />
    <ClInclude Include="lights\lights.h" />
    <ClInclude Include="lights\omnidirectional-point-light.h" />
    <ClInclude Include="lights\point-light.h" />
    <ClInclude Include="materials\material-properties.h" />
    <ClInclude Include="materials\material.h" />
    <ClInclude Include="materials\materials.h" />
    <ClInclude Include="materials\uniform-material.h" />
    <ClInclude Include="math\angle.h" />
    <ClInclude Include="math\approx.h" />
    <ClInclude Include="math\box.h" />
    <ClInclude Include="math\function.h" />
    <ClInclude Include="math\functions\bool-mapper.h" />
    <ClInclude Include="math\functions\easing-functions.h" />
    <ClInclude Include="math\functions.h" />
    <ClInclude Include="math\functions\patterns.h" />
    <ClInclude Include="math\interval.h" />
    <ClInclude Include="math\interval-mapper.h" />
    <ClInclude Include="math\matrix.h" />
    <ClInclude Include="math\functions\noise.h" />
    <ClInclude Include="math\misc.h" />
    <ClInclude Include="math\quadratic_equation.h" />
    <ClInclude Include="math\functions\random-function.h" />
    <ClInclude Include="math\rasterizer.h" />
    <ClInclude Include="math\ray.h" />
    <ClInclude Include="math\rectangle3d.h" />
    <ClInclude Include="math\transformation3d.h" />
    <ClInclude Include="logging.h" />
    <ClInclude Include="primitives\hit-position.h" />
    <ClInclude Include="primitives\plane-primitive.h" />
    <ClInclude Include="primitives\primitives.h" />
    <ClInclude Include="primitives\decorator-primitive.h" />
    <ClInclude Include="primitives\hit.h" />
    <ClInclude Include="primitives\primitive.h" />
    <ClInclude Include="primitives\sphere-primitive.h" />
    <ClInclude Include="primitives\transformer-primitive.h" />
    <ClInclude Include="primitives\union-primitive.h" />
    <ClInclude Include="raytracers\ray-tracer-v0.h" />
    <ClInclude Include="raytracers\ray-tracers.h" />
    <ClInclude Include="raytracers\scene.h" />
    <ClInclude Include="renderers\renderer.h" />
    <ClInclude Include="renderers\renderers.h" />
    <ClInclude Include="renderers\standard-renderer.h" />
    <ClInclude Include="lights\light-ray.h" />
    <ClInclude Include="samplers\sampler.h" />
    <ClInclude Include="samplers\samplers.h" />
    <ClInclude Include="samplers\single-sampler.h" />
    <ClInclude Include="data-structures\array.h" />
    <ClInclude Include="scripting\animation-module.h" />
    <ClInclude Include="scripting\cameras-module.h" />
    <ClInclude Include="scripting\imaging-module.h" />
    <ClInclude Include="scripting\lights-module.h" />
    <ClInclude Include="scripting\materials-module.h" />
    <ClInclude Include="scripting\math-module.h" />
    <ClInclude Include="scripting\pipeline-module.h" />
    <ClInclude Include="scripting\primitives-module.h" />
    <ClInclude Include="scripting\raytracing-module.h" />
    <ClInclude Include="scripting\rendering-module.h" />
    <ClInclude Include="scripting\samplers-module.h" />
    <ClInclude Include="scripting\scripting-util.h" />
    <ClInclude Include="scripting\scripting.h" />
    <ClInclude Include="math\transformation2d.h" />
    <ClInclude Include="tasks\lambda-task.h" />
    <ClInclude Include="tasks\serial-task-scheduler.h" />
    <ClInclude Include="tasks\task-helpers.h" />
    <ClInclude Include="tasks\task-scheduler.h" />
    <ClInclude Include="tasks\task-schedulers.h" />
    <ClInclude Include="tasks\task.h" />
    <ClInclude Include="tasks\tasks.h" />
    <ClInclude Include="util\base64.h" />
    <ClInclude Include="util\beep.h" />
    <ClInclude Include="util\lazy.h" />
    <ClInclude Include="util\misc.h" />
    <ClInclude Include="data-structures\position.h" />
    <ClInclude Include="math\rectangle2d.h" />
    <ClInclude Include="version.h" />
    <ClInclude Include="raytracers\ray-tracer.h" />
    <ClInclude Include="math\functions\vertical-lines-pattern.h" />
    <ClInclude Include="raytracers\ray-tracer-v2.h" />
    <ClInclude Include="raytracers\ray-tracer-v3.h" />
    <ClInclude Include="raytracers\ray-tracer-v4.h" />
    <ClInclude Include="math\quaternion.h" />
    <ClInclude Include="tasks\parallel-task-scheduler.h" />
    <ClInclude Include="math\functions\checkered-pattern.h" />
    <ClInclude Include="primitives\square-primitive.h" />
    <ClInclude Include="primitives\cube.h" />
    <ClInclude Include="json\json.hpp" />
    <ClInclude Include="primitives\boundingbox_primitive.h" />
    <ClInclude Include="primitives\triangle-primitive.h" />
    <ClInclude Include="raytracers\ray-tracer-v5.h" />
    <ClInclude Include="raytracers\ray-tracer-v6.h" />
  </ItemGroup>
</Project>